
Microsoft Visual Studio Solution File, Format Version 12.00
# Visual Studio 15
VisualStudioVersion = 15.0.27703.2042
MinimumVisualStudioVersion = 10.0.40219.1
Project("{FAE04EC0-301F-11D3-BF4B-00C04F79EFBC}") = "csrf-cookie", "csrf-cookie\csrf-cookie.csproj", "{C764845D-89DC-43F0-BB15-D5B3F29D34BE}"
EndProject
Global
	GlobalSection(SolutionConfigurationPlatforms) = preSolution
		Debug|Any CPU = Debug|Any CPU
		Release|Any CPU = Release|Any CPU
	EndGlobalSection
	GlobalSection(ProjectConfigurationPlatforms) = postSolution
		{C764845D-89DC-43F0-BB15-D5B3F29D34BE}.Debug|Any CPU.ActiveCfg = Debug|Any CPU
		{C764845D-89DC-43F0-BB15-D5B3F29D34BE}.Debug|Any CPU.Build.0 = Debug|Any CPU
		{C764845D-89DC-43F0-BB15-D5B3F29D34BE}.Release|Any CPU.ActiveCfg = Release|Any CPU
		{C764845D-89DC-43F0-BB15-D5B3F29D34BE}.Release|Any CPU.Build.0 = Release|Any CPU
	EndGlobalSection
	GlobalSection(SolutionProperties) = preSolution
		HideSolutionNode = FALSE
	EndGlobalSection
	GlobalSection(ExtensibilityGlobals) = postSolution
		SolutionGuid = {D9EB8159-29F4-4E67-BEE7-5EE98570A87C}
	EndGlobalSection
EndGlobal
